version = 1
revision = 3
requires-python = ">=3.14"

[[package]]
name = "anyio"
version = "4.13.0"
source = { registry = "https://pypi.org/simple" }
dependencies = [
    { name = "idna" },
]
sdist = { url = "https://files.pythonhosted.org/packages/19/14/2c5dd9f512b66549ae92767a9c7b330ae88e1932ca57876909410251fe13/anyio-4.13.0.tar.gz", hash = "sha256:334b70e641fd2221c1505b3890c69882fe4a2df910cba14d97019b90b24439dc", size = 231622, upload-time = "2026-03-24T12:59:09.671Z" }
wheels = [
    { url = "https://files.pythonhosted.org/packages/da/42/e921fccf5015463e32a3cf6ee7f980a6ed0f395ceeaa45060b61d86486c2/anyio-4.13.0-py3-none-any.whl", hash = "sha256:08b310f9e24a9594186fd75b4f73f4a4152069e3853f1ed8bfbf58369f4ad708", size = 114353, upload-time = "2026-03-24T12:59:08.246Z" },
]

[[package]]
name = "certifi"
version = "2026.2.25"
source = { registry = "https://pypi.org/simple" }
sdist = { url = "https://files.pythonhosted.org/packages/af/2d/7bf41579a8986e348fa033a31cdd0e4121114f6bce2457e8876010b092dd/certifi-2026.2.25.tar.gz", hash = "sha256:e887ab5cee78ea814d3472169153c2d12cd43b14bd03329a39a9c6e2e80bfba7", size = 155029, upload-time = "2026-02-25T02:54:17.342Z" }
wheels = [
    { url = "https://files.pythonhosted.org/packages/9a/3c/c17fb3ca2d9c3acff52e30b309f538586f9f5b9c9cf454f3845fc9af4881/certifi-2026.2.25-py3-none-any.whl", hash = "sha256:027692e4402ad994f1c42e52a4997a9763c646b73e4096e4d5d6db8af1d6f0fa", size = 153684, upload-time = "2026-02-25T02:54:15.766Z" },
]

[[package]]
name = "h11"
version = "0.16.0"
source = { registry = "https://pypi.org/simple" }
sdist = { url = "https://files.pythonhosted.org/packages/01/ee/02a2c011bdab74c6fb3c75474d40b3052059d95df7e73351460c8588d963/h11-0.16.0.tar.gz", hash = "sha256:4e35b956cf45792e4caa5885e69fba00bdbc6ffafbfa020300e549b208ee5ff1", size = 101250, upload-time = "2025-04-24T03:35:25.427Z" }
wheels = [
    { url = "https://files.pythonhosted.org/packages/04/4b/29cac41a4d98d144bf5f6d33995617b185d14b22401f75ca86f384e87ff1/h11-0.16.0-py3-none-any.whl", hash = "sha256:63cf8bbe7522de3bf65932fda1d9c2772064ffb3dae62d55932da54b31cb6c86", size = 37515, upload-time = "2025-04-24T03:35:24.344Z" },
]

[[package]]
name = "h2"
version = "4.3.0"
source = { registry = "https://pypi.org/simple" }
dependencies = [
    { name = "hpack" },
    { name = "hyperframe" },
]
sdist = { url = "https://files.pythonhosted.org/packages/1d/17/afa56379f94ad0fe8defd37d6eb3f89a25404ffc71d4d848893d270325fc/h2-4.3.0.tar.gz", hash = "sha256:6c59efe4323fa18b47a632221a1888bd7fde6249819beda254aeca909f221bf1", size = 2152026, upload-time = "2025-08-23T18:12:19.778Z" }
wheels = [
    { url = "https://files.pythonhosted.org/packages/69/b2/119f6e6dcbd96f9069ce9a2665e0146588dc9f88f29549711853645e736a/h2-4.3.0-py3-none-any.whl", hash = "sha256:c438f029a25f7945c69e0ccf0fb951dc3f73a5f6412981daee861431b70e2bdd", size = 61779, upload-time = "2025-08-23T18:12:17.779Z" },
]

[[package]]
name = "hpack"
version = "4.1.0"
source = { registry = "https://pypi.org/simple" }
sdist = { url = "https://files.pythonhosted.org/packages/2c/48/71de9ed269fdae9c8057e5a4c0aa7402e8bb16f2c6e90b3aa53327b113f8/hpack-4.1.0.tar.gz", hash = "sha256:ec5eca154f7056aa06f196a557655c5b009b382873ac8d1e66e79e87535f1dca", size = 51276, upload-time = "2025-01-22T21:44:58.347Z" }
wheels = [
    { url = "https://files.pythonhosted.org/packages/07/c6/80c95b1b2b94682a72cbdbfb85b81ae2daffa4291fbfa1b1464502ede10d/hpack-4.1.0-py3-none-any.whl", hash = "sha256:157ac792668d995c657d93111f46b4535ed114f0c9c8d672271bbec7eae1b496", size = 34357, upload-time = "2025-01-22T21:44:56.92Z" },
]

[[package]]
name = "httpcore"
version = "1.0.9"
source = { registry = "https://pypi.org/simple" }
dependencies = [
    { name = "certifi" },
    { name = "h11" },
]
sdist = { url = "https://files.pythonhosted.org/packages/06/94/82699a10bca87a5556c9c59b5963f2d039dbd239f25bc2a63907a05a14cb/httpcore-1.0.9.tar.gz", hash = "sha256:6e34463af53fd2ab5d807f399a9b45ea31c3dfa2276f15a2c3f00afff6e176e8", size = 85484, upload-time = "2025-04-24T22:06:22.219Z" }
wheels = [
    { url = "https://files.pythonhosted.org/packages/7e/f5/f66802a942d491edb555dd61e3a9961140fd64c90bce1eafd741609d334d/httpcore-1.0.9-py3-none-any.whl", hash = "sha256:2d400746a40668fc9dec9810239072b40b4484b640a8c38fd654a024c7a1bf55", size = 78784, upload-time = "2025-04-24T22:06:20.566Z" },
]

[[package]]
name = "httpx"
version = "0.28.1"
source = { registry = "https://pypi.org/simple" }
dependencies = [
    { name = "anyio" },
    { name = "certifi" },
    { name = "httpcore" },
    { name = "idna" },
]
sdist = { url = "https://files.pythonhosted.org/packages/b1/df/48c586a5fe32a0f01324ee087459e112ebb7224f646c0b5023f5e79e9956/httpx-0.28.1.tar.gz", hash = "sha256:75e98c5f16b0f35b567856f597f06ff2270a374470a5c2392242528e3e3e42fc", size = 141406, upload-time = "2024-12-06T15:37:23.222Z" }
wheels = [
    { url = "https://files.pythonhosted.org/packages/2a/39/e50c7c3a983047577ee07d2a9e53faf5a69493943ec3f6a384bdc792deb2/httpx-0.28.1-py3-none-any.whl", hash = "sha256:d909fcccc110f8c7faf814ca82a9a4d816bc5a6dbfea25d6591d6985b8ba59ad", size = 73517, upload-time = "2024-12-06T15:37:21.509Z" },
]

[package.optional-dependencies]
http2 = [
    { name = "h2" },
]

[[package]]
name = "hyperframe"
version = "6.1.0"
source = { registry = "https://pypi.org/simple" }
sdist = { url = "https://files.pythonhosted.org/packages/02/e7/94f8232d4a74cc99514c13a9f995811485a6903d48e5d952771ef6322e30/hyperframe-6.1.0.tar.gz", hash = "sha256:f630908a00854a7adeabd6382b43923a4c4cd4b821fcb527e6ab9e15382a3b08", size = 26566, upload-time = "2025-01-22T21:41:49.302Z" }
wheels = [
    { url = "https://files.pythonhosted.org/packages/48/30/47d0bf6072f7252e6521f3447ccfa40b421b6824517f82854703d0f5a98b/hyperframe-6.1.0-py3-none-any.whl", hash = "sha256:b03380493a519fce58ea5af42e4a42317bf9bd425596f7a0835ffce80f1a42e5", size = 13007, upload-time = "2025-01-22T21:41:47.295Z" },
]

[[package]]
name = "idna"
version = "3.11"
source = { registry = "https://pypi.org/simple" }
sdist = { url = "https://files.pythonhosted.org/packages/6f/6d/0703ccc57f3a7233505399edb88de3cbd678da106337b9fcde432b65ed60/idna-3.11.tar.gz", hash = "sha256:795dafcc9c04ed0c1fb032c2aa73654d8e8c5023a7df64a53f39190ada629902", size = 194582, upload-time = "2025-10-12T14:55:20.501Z" }
wheels = [
    { url = "https://files.pythonhosted.org/packages/0e/61/66938bbb5fc52dbdf84594873d5b51fb1f7c7794e9c0f5bd885f30bc507b/idna-3.11-py3-none-any.whl", hash = "sha256:771a87f49d9defaf64091e6e6fe9c18d4833f140bd19464795bc32d966ca37ea", size = 71008, upload-time = "2025-10-12T14:55:18.883Z" },
]

[[package]]
name = "pyromark"
version = "0.9.10"
source = { registry = "https://pypi.org/simple" }
dependencies = [
    { name = "typing-extensions" },
]
sdist = { url = "https://files.pythonhosted.org/packages/90/d1/79622b7d164490a02066a74e4a710d931c1252aea225640bd4453cce2310/pyromark-0.9.10.tar.gz", hash = "sha256:87a2a8e01e4214014a5697f87c9afd3563e2e2623e2926d97e9535651cae2c07", size = 9066, upload-time = "2026-03-22T12:47:18.26Z" }
wheels = [
    { url = "https://files.pythonhosted.org/packages/2f/70/13a06c4fc45665e6dde0b248f8564bb203825e08cfbc0478014b5b8ebe17/pyromark-0.9.10-cp314-cp314-macosx_10_12_x86_64.whl", hash = "sha256:94d01f562ff8a54fc406bc29979d2b11189998eb76e174328ca8cfa4a9b90e94", size = 346541, upload-time = "2026-03-22T12:45:10.105Z" },
    { url = "https://files.pythonhosted.org/packages/63/bc/ccb70805ec1fe2cfeb558154b7b85be812e32af8b65ea9e6f83590abb3dc/pyromark-0.9.10-cp314-cp314-macosx_11_0_arm64.whl", hash = "sha256:5cc2c96def6e49b3cb0677dffc744f6f3a24b42726cafa80bb8b072265ffa97b", size = 329370, upload-time = "2026-03-22T12:45:56.913Z" },
    { url = "https://files.pythonhosted.org/packages/23/3b/104d5d8f75717be901587ca9df55ad9b08a5b42aa1dcce492b608e65f8cb/pyromark-0.9.10-cp314-cp314-manylinux_2_17_aarch64.manylinux2014_aarch64.whl", hash = "sha256:2c00265b0d5196dfdf89a744dc9a3602d0dff3cf4ee231a07b00e9ffc615b089", size = 362589, upload-time = "2026-03-22T12:43:48.789Z" },
    { url = "https://files.pythonhosted.org/packages/79/36/bb5232f3c5368f26c03f5ea9b906f35550a6c2c2c06526e1b06e27f1bba0/pyromark-0.9.10-cp314-cp314-manylinux_2_17_armv7l.manylinux2014_armv7l.whl", hash = "sha256:09b14ce543da03fe3a5f4466a5fe2c456a1f59b3834e350de7b2dc16bc7e5440", size = 361138, upload-time = "2026-03-22T12:43:56.886Z" },
    { url = "https://files.pythonhosted.org/packages/3e/ec/2791c257ef50cc51755b7aea73c1a71f5132e5d8e9629e64207a6a03229b/pyromark-0.9.10-cp314-cp314-manylinux_2_17_i686.manylinux2014_i686.whl", hash = "sha256:53fc86c5089e5f62585a5262eec86d7006d1fa4b36211e8f7456d8853aa73622", size = 386461, upload-time = "2026-03-22T12:43:00.301Z" },
    { url = "https://files.pythonhosted.org/packages/dd/93/d77635523eedba395e35ba3fb84ad32bd030a868b2d5027cb3dac1d6c8bf/pyromark-0.9.10-cp314-cp314-manylinux_2_17_ppc64.manylinux2014_ppc64.whl", hash = "sha256:f4608eed63b0a490366f9197a4c518eb852c8084a43b0762de3603d8b687f055", size = 418428, upload-time = "2026-03-22T12:44:38.495Z" },
    { url = "https://files.pythonhosted.org/packages/ea/c6/84524aaf65d33e43df2be97e37e22b170772e3ba1f48744982c9923b90e0/pyromark-0.9.10-cp314-cp314-manylinux_2_17_ppc64le.manylinux2014_ppc64le.whl", hash = "sha256:6613e8321523e60f1427ea29061dede8333f77631bd6978898f69eac80ec3e29", size = 408915, upload-time = "2026-03-22T12:47:38.341Z" },
    { url = "https://files.pythonhosted.org/packages/06/d3/e5a79b7127fbefa8fdce1a4b3095fb95b5cb61a6f621a60965fe07d8a93f/pyromark-0.9.10-cp314-cp314-manylinux_2_17_s390x.manylinux2014_s390x.whl", hash = "sha256:8f08e75cb1286476c4c67a691a4140d4022fdd4758158dfaf280eb7eefdc5edd", size = 450282, upload-time = "2026-03-22T12:43:52.915Z" },
    { url = "https://files.pythonhosted.org/packages/69/f5/d626c2c27a1d09979b1e5228525e4d6d0b83e7c24641d0d7a477165e46e8/pyromark-0.9.10-cp314-cp314-manylinux_2_17_x86_64.manylinux2014_x86_64.whl", hash = "sha256:60555b9bddc10f519854396dfa20922376fe90104cab9360608c13524aab641d", size = 370879, upload-time = "2026-03-22T12:43:28.999Z" },
    { url = "https://files.pythonhosted.org/packages/1d/2c/46f2be6f3021018a2e1199c02495b9d45f023b4874aac385ca229269e981/pyromark-0.9.10-cp314-cp314-manylinux_2_28_aarch64.whl", hash = "sha256:a999f18b6d2c7aaf2b810444226f1929c6165af63e540cc10cfb45427712d25c", size = 363263, upload-time = "2026-03-22T12:45:13.703Z" },
    { url = "https://files.pythonhosted.org/packages/44/0d/155555a3773eedc45839042221d9be7ee9fa689d053c83237f802d1fe038/pyromark-0.9.10-cp314-cp314-manylinux_2_28_armv7l.whl", hash = "sha256:3356dcf0f926edea50400ba906493923551e64fb3ad60bfa464e570affe8eced", size = 361156, upload-time = "2026-03-22T12:44:33.977Z" },
    { url = "https://files.pythonhosted.org/packages/7a/cc/fbafd7adeeaac1bfa0f223e19094a9dfc22981bbb513404d2eab0d41fffb/pyromark-0.9.10-cp314-cp314-manylinux_2_28_i686.whl", hash = "sha256:7166158bf9f6e9887c7d78ca15d0ba5d467198c36460b3067f8d04c05e46a7bb", size = 386852, upload-time = "2026-03-22T12:43:07.417Z" },
    { url = "https://files.pythonhosted.org/packages/d0/7a/3dad5173e56ab627b842a164640702352ddd72fed44f680e470ac3685a1b/pyromark-0.9.10-cp314-cp314-manylinux_2_28_ppc64le.whl", hash = "sha256:5f6667f5f6eb271a60f7e33afceb352b949cd914dfcd36ac409bc2bb54a4733e", size = 409029, upload-time = "2026-03-22T12:45:46.748Z" },
    { url = "https://files.pythonhosted.org/packages/4e/4a/c821cd96796f084b4be97e3bd3235c7b5e6ec4de6344db90dc73e97fbce3/pyromark-0.9.10-cp314-cp314-manylinux_2_28_s390x.whl", hash = "sha256:4f7d5907733b08fb1c37ac2188a99e7576b4ff833865da9032463935a3715b4e", size = 450565, upload-time = "2026-03-22T12:47:59.265Z" },
    { url = "https://files.pythonhosted.org/packages/df/92/e80ffbda699f761bec5fd0c58043ddbbe7bdbec35a199a471b97e9192695/pyromark-0.9.10-cp314-cp314-manylinux_2_28_x86_64.whl", hash = "sha256:a446ee22bc5430e667ec4abbc8daf7a6811ed5d61f0a87215af417c4ab2cd328", size = 371130, upload-time = "2026-03-22T12:46:49.769Z" },
    { url = "https://files.pythonhosted.org/packages/4a/69/4a7ea487efc4734951286df570bcd6316152d64cdbdce7a0d32348f32579/pyromark-0.9.10-cp314-cp314-manylinux_2_31_riscv64.whl", hash = "sha256:47d70ec0405bc47e661b151104c2ebab5455c1b93326ef4756a782bd84aa41db", size = 371905, upload-time = "2026-03-22T12:43:24.938Z" },
    { url = "https://files.pythonhosted.org/packages/02/54/52720922cd0c9f98b3e52585d440f50288fbcafee133a508a29ca595b68b/pyromark-0.9.10-cp314-cp314-musllinux_1_2_aarch64.whl", hash = "sha256:706a11371fd5eabbe78c7eaade837868c070d0bb20be216ecd27dcb832ccbc47", size = 540391, upload-time = "2026-03-22T12:43:46.344Z" },
    { url = "https://files.pythonhosted.org/packages/bd/37/c4554802798edde50e8364c63182832b198abec9d97720fd36ca87cae5ca/pyromark-0.9.10-cp314-cp314-musllinux_1_2_armv7l.whl", hash = "sha256:838841ff13ea93742318b4e2396dc0f445ad295e0aca62404b4e2a801645fefc", size = 637637, upload-time = "2026-03-22T12:43:18.24Z" },
    { url = "https://files.pythonhosted.org/packages/43/dd/99eaa1eee23c2dbf7ab475c7f44e9cb70586f2373a9727f6e75e451e7bbf/pyromark-0.9.10-cp314-cp314-musllinux_1_2_i686.whl", hash = "sha256:b8bed724baef6ee5adf2fadf9226a598749882254337a9ea769b44b00a18725c", size = 604527, upload-time = "2026-03-22T12:47:01.763Z" },
    { url = "https://files.pythonhosted.org/packages/67/3e/e930312b3c18ea02dc10691e1156b130d7bf03afffb1ca57384d4f9d944e/pyromark-0.9.10-cp314-cp314-musllinux_1_2_ppc64le.whl", hash = "sha256:dbb1566788a2e5d53ca21e00fe6cf69b70b9ed2c8f690b0c389d6c67e7398fe5", size = 539457, upload-time = "2026-03-22T12:45:02.895Z" },
    { url = "https://files.pythonhosted.org/packages/69/b6/5f22b048e2aa9adb7afd2431fb4b6e561e3a9912812c348798c1515f1bf3/pyromark-0.9.10-cp314-cp314-musllinux_1_2_riscv64.whl", hash = "sha256:88aba6fedac5b9f4f44240a10321a937fdd374ee7197a78c231eadb694ceaab5", size = 546052, upload-time = "2026-03-22T12:43:51.441Z" },
    { url = "https://files.pythonhosted.org/packages/7a/6f/6670aa0f861c51df6cae4322658fc90d307d54043ce0b53b8f24018c2a0e/pyromark-0.9.10-cp314-cp314-musllinux_1_2_x86_64.whl", hash = "sha256:369a20d208acb7b5dde8c7512e4464d0bc6a8e53ef07dc9007ac885404cb85d7", size = 590284, upload-time = "2026-03-22T12:46:00.898Z" },
    { url = "https://files.pythonhosted.org/packages/23/f7/d7bfb15d0e95c33f0b95caa9b349b99b479a5cbbdb54f4d1d70d6fc1ed3c/pyromark-0.9.10-cp314-cp314-win32.whl", hash = "sha256:d63eec43df5a436c252dd8aafbb939f22fe3d5fadb62c43c34c33544576de730", size = 260700, upload-time = "2026-03-22T12:43:14.571Z" },
    { url = "https://files.pythonhosted.org/packages/5b/13/5a7f2a43776c06e89479580f2239eff39d76ae811dbabe7123e16454cb3d/pyromark-0.9.10-cp314-cp314-win_amd64.whl", hash = "sha256:8cff3c5394127e4b89928b3c38a5a27fc28bf45a28cfd94554e0eae4aab9d949", size = 273208, upload-time = "2026-03-22T12:44:29.41Z" },
    { url = "https://files.pythonhosted.org/packages/30/9d/36bfd3da4ac10287c6112d259f1c34a5fc6fb3da53b1bf392440608e414d/pyromark-0.9.10-cp314-cp314-win_arm64.whl", hash = "sha256:00c92b76ef117e7b78f966a5607748990e2fd168a71bb0509df0270fad106204", size = 258954, upload-time = "2026-03-22T12:46:41.169Z" },
    { url = "https://files.pythonhosted.org/packages/e3/bb/5a9136f50748656bf53391df524157d5e3cca7188fd00ca3f7aec1f011b7/pyromark-0.9.10-cp314-cp314t-macosx_10_12_x86_64.whl", hash = "sha256:e994e6b010d62293130c30fb8fa25415a6e7a5940052f92b675d1b4e3334c968", size = 345113, upload-time = "2026-03-22T12:45:31.615Z" },
    { url = "https://files.pythonhosted.org/packages/b1/9b/7c484479541b978f76f5547598f7cf741aa918508bc7d2d4aa795fa56bcd/pyromark-0.9.10-cp314-cp314t-macosx_11_0_arm64.whl", hash = "sha256:339140de786303d0703f114b4a575d837b52df62bff927a03763d38aaeae93c2", size = 328128, upload-time = "2026-03-22T12:43:30.427Z" },
    { url = "https://files.pythonhosted.org/packages/89/2a/1683c462a8308fdb0f88cb17f0e7f5f8cad7eda8235df8bf4ffc77bd7ff2/pyromark-0.9.10-cp314-cp314t-manylinux_2_17_aarch64.manylinux2014_aarch64.whl", hash = "sha256:898d705905056159d63a10355bbc20e60e4f2a595f6aca3eaeebdecad533f15e", size = 361106, upload-time = "2026-03-22T12:44:02.486Z" },
    { url = "https://files.pythonhosted.org/packages/14/b8/44c1d373a4ac682cf08f5346636fcd5810d438d03de1f24a9ea636b41441/pyromark-0.9.10-cp314-cp314t-manylinux_2_17_armv7l.manylinux2014_armv7l.whl", hash = "sha256:e3f32f704c185489329c5f8b374ea3e0cfbf5a130b66450a4a2369d028bab674", size = 359208, upload-time = "2026-03-22T12:44:16.195Z" },
    { url = "https://files.pythonhosted.org/packages/2e/8b/8c82e2cb52a4f0855fe72c3defa9ffb7656bf2b29e031fd50b11b1c12127/pyromark-0.9.10-cp314-cp314t-manylinux_2_17_i686.manylinux2014_i686.whl", hash = "sha256:b5015d8b169e0039959c39d5715d1fc419b9800dc544e60d50b04e8cd19c8623", size = 384654, upload-time = "2026-03-22T12:42:39.493Z" },
    { url = "https://files.pythonhosted.org/packages/86/44/c212870714378038be8a2284eeaf6f402e49fc66b6e66145ab0811b17df3/pyromark-0.9.10-cp314-cp314t-manylinux_2_17_ppc64.manylinux2014_ppc64.whl", hash = "sha256:27fa2a36bfcc2a16d6b28a5839be471f18c5e780f70642e5cf8a2ffa8985d1a0", size = 416113, upload-time = "2026-03-22T12:42:58.993Z" },
    { url = "https://files.pythonhosted.org/packages/41/97/8f3015c15f14dcda13026410d847db6e845afef297aee6f4e97f9ba9a17b/pyromark-0.9.10-cp314-cp314t-manylinux_2_17_ppc64le.manylinux2014_ppc64le.whl", hash = "sha256:b3e92bdfb9ac46a829fe605ebc8516ca0b2af30cd6f55710bc1840dcd904abba", size = 406520, upload-time = "2026-03-22T12:47:13.468Z" },
    { url = "https://files.pythonhosted.org/packages/af/37/0f576a466b4ea5d4b6c351686ecb9737130cbf17a9ffcab181a0c043581f/pyromark-0.9.10-cp314-cp314t-manylinux_2_17_s390x.manylinux2014_s390x.whl", hash = "sha256:dc7761df494e42444de2720398d511e69200c69dee4825717b34084a3438f407", size = 447975, upload-time = "2026-03-22T12:45:33.327Z" },
    { url = "https://files.pythonhosted.org/packages/84/c5/e8dd51d416dbbca5c69338dea70622aa38d24b23e4b6b1296f67c4663ed8/pyromark-0.9.10-cp314-cp314t-manylinux_2_17_x86_64.manylinux2014_x86_64.whl", hash = "sha256:88554879a603c1b12451507e80133ee7496aa31bb91e32a4c203df7a75e77d01", size = 369190, upload-time = "2026-03-22T12:43:47.557Z" },
    { url = "https://files.pythonhosted.org/packages/4b/3f/4791c4aab3f25552be92437df1dc29805740abafe8c0b4010a3ae59bf5df/pyromark-0.9.10-cp314-cp314t-manylinux_2_28_aarch64.whl", hash = "sha256:3565ad65a60ea637558d1a11c69a3aa1f0e089f4c74cc8da3466154a77513a32", size = 361852, upload-time = "2026-03-22T12:47:23.156Z" },
    { url = "https://files.pythonhosted.org/packages/cd/ca/22d3ae1e7553425652c18459922182cdb465e4a68e2211f2a10f3597c00b/pyromark-0.9.10-cp314-cp314t-manylinux_2_28_armv7l.whl", hash = "sha256:3e9e5b451432d019a5301f91d16916c434bd9a178bb3b19367bd57fc9208de3f", size = 359112, upload-time = "2026-03-22T12:42:38.59Z" },
    { url = "https://files.pythonhosted.org/packages/fa/86/2ad78b301a6661000f05714b435b3412cdba073151aa9fb375c544b83f31/pyromark-0.9.10-cp314-cp314t-manylinux_2_28_i686.whl", hash = "sha256:27c403034795367ccc318f723cec3d1c63d26fd1b0c4d6b7d5867f5d42520138", size = 385027, upload-time = "2026-03-22T12:46:09.345Z" },
    { url = "https://files.pythonhosted.org/packages/ee/e7/6ca82f55c55799cc6b13b2f129318fb7d6abcf39d15d9be88b793bbe9afe/pyromark-0.9.10-cp314-cp314t-manylinux_2_28_ppc64le.whl", hash = "sha256:8c84d1dba7abd6404f35655a676172bc5ae1f1f97f6e39c5eb9bf0c864e5b1a8", size = 406499, upload-time = "2026-03-22T12:44:41.55Z" },
    { url = "https://files.pythonhosted.org/packages/0f/52/d81dd65198b7a6bd952e5187d391d4837a5dbfda834938c16933809efea8/pyromark-0.9.10-cp314-cp314t-manylinux_2_28_s390x.whl", hash = "sha256:582150c7bc05e5df8ef962614c36e1321f9a3d7c07ed3c410ecd65aed74e96d4", size = 448287, upload-time = "2026-03-22T12:44:59.464Z" },
    { url = "https://files.pythonhosted.org/packages/10/ad/71c4b8e41b7a27ab2e21de453145cc7ed9e5f869d532683669c85e991169/pyromark-0.9.10-cp314-cp314t-manylinux_2_28_x86_64.whl", hash = "sha256:b9e90ac2e18aa6feacdd3e92647e47ed0a433d4d1f918466b9f4b9aa7f95b46f", size = 369471, upload-time = "2026-03-22T12:47:35.881Z" },
    { url = "https://files.pythonhosted.org/packages/6d/bb/6f82599d4407a671f7f797d98ebb53c9184c802e1d58111d5a71be77ef71/pyromark-0.9.10-cp314-cp314t-manylinux_2_31_riscv64.whl", hash = "sha256:f58de15053efc81d55757316191aad53128d52b47e2399d1f71aa4a773d3b23b", size = 370239, upload-time = "2026-03-22T12:44:11.823Z" },
    { url = "https://files.pythonhosted.org/packages/12/b0/6a49b2af6568c11e0e4ee9203a76e010ab35b510a78a6b0efa4c7a1d022b/pyromark-0.9.10-cp314-cp314t-musllinux_1_2_aarch64.whl", hash = "sha256:c7af63a1d56981aebff37fc075573346c252b5f78d0091b01ddd0478068a4b18", size = 539108, upload-time = "2026-03-22T12:44:35.504Z" },
    { url = "https://files.pythonhosted.org/packages/0a/3e/f635c494a15f2bb5c944366c0199d101ccf77eedbdc1fce7a6838a301a11/pyromark-0.9.10-cp314-cp314t-musllinux_1_2_armv7l.whl", hash = "sha256:770836297d0cca34e2c85b083fb4e7b8314cbe4588f313bb61838d02bb879656", size = 635605, upload-time = "2026-03-22T12:46:39.01Z" },
    { url = "https://files.pythonhosted.org/packages/b9/d2/2648d624c8c666986aa3b15cd1f3d6089e443e13ce2d06781e5ffa844909/pyromark-0.9.10-cp314-cp314t-musllinux_1_2_i686.whl", hash = "sha256:6ee98e2a1a71f7482ca76fc0ee82d188de49d4aeb38134bfb618eb4ff897c5f0", size = 602635, upload-time = "2026-03-22T12:44:52.847Z" },
    { url = "https://files.pythonhosted.org/packages/cc/76/7bfa77613f9928cfc729571e1289af10e946f493afa2193b9cab32ecef77/pyromark-0.9.10-cp314-cp314t-musllinux_1_2_ppc64le.whl", hash = "sha256:fc8e5727eb1f25053f63cb811c4df080e44855b9f9ae0c0353f57ab3eaec8673", size = 537854, upload-time = "2026-03-22T12:43:01.408Z" },
    { url = "https://files.pythonhosted.org/packages/94/3e/b651e682b618d03136eaf226938926f19c289bcf3301b5598d0ee5cbcd52/pyromark-0.9.10-cp314-cp314t-musllinux_1_2_riscv64.whl", hash = "sha256:44a4d21becf02bbc9663284e33a393f7fdbc460ef98dda451406f4342027f774", size = 543902, upload-time = "2026-03-22T12:42:28.363Z" },
    { url = "https://files.pythonhosted.org/packages/bd/8b/885f4c7b1581cd9850a7913fdcc46da89926caa5b72effa6aaa80cc76da5/pyromark-0.9.10-cp314-cp314t-musllinux_1_2_x86_64.whl", hash = "sha256:274b2c785e4a33b66646b6980ea3bc5fb0b3d04cda316cc6e3c3f0ea7986e14d", size = 589002, upload-time = "2026-03-22T12:47:43.172Z" },
    { url = "https://files.pythonhosted.org/packages/b7/8c/fd6716ce80e5c1b981ba83239e21f6a705eae4aa9036b0612c563a3cebd9/pyromark-0.9.10-cp314-cp314t-win32.whl", hash = "sha256:016fa16b4926bd4bb8e21409e3f66ab94a54e165e2b381f4217125babb82f50b", size = 260320, upload-time = "2026-03-22T12:42:50.392Z" },
    { url = "https://files.pythonhosted.org/packages/17/06/d1d1ac2ad634bab28535d226758fa8753d76d96f225c1e662d2b55205550/pyromark-0.9.10-cp314-cp314t-win_amd64.whl", hash = "sha256:5dc38aebcb81a6d86d6e0d80ffbe194aae443d5072eff6dc65908ba608719071", size = 273015, upload-time = "2026-03-22T12:42:37.534Z" },
    { url = "https://files.pythonhosted.org/packages/4e/35/b28e282e79e0c3009b0e23912953d18f569982d83b11849a85d1ac6d33d5/pyromark-0.9.10-cp314-cp314t-win_arm64.whl", hash = "sha256:a92de094e7f9c0e62910d8859bef6362baa1c0f170abcee48d67d6f8f3a68308", size = 258076, upload-time = "2026-03-22T12:47:06.217Z" },
]

[[package]]
name = "python-telegram-bot"
version = "22.7"
source = { registry = "https://pypi.org/simple" }
dependencies = [
    { name = "httpcore" },
    { name = "httpx" },
]
sdist = { url = "https://files.pythonhosted.org/packages/e4/25/2258161b1069e66d6c39c0a602dbe57461d4767dc0012539970ea40bc9d6/python_telegram_bot-22.7.tar.gz", hash = "sha256:784b59ea3852fe4616ad63b4a0264c755637f5d725e87755ecdee28300febf61", size = 1516454, upload-time = "2026-03-16T09:36:03.174Z" }
wheels = [
    { url = "https://files.pythonhosted.org/packages/94/f7/0e2f89dd62f45d46d4ea0d8aec5893ce5b37389638db010c117f46f11450/python_telegram_bot-22.7-py3-none-any.whl", hash = "sha256:d72eed532cf763758cd9331b57a6d790aff0bb4d37d8f4e92149436fe21c6475", size = 745365, upload-time = "2026-03-16T09:36:01.498Z" },
]

[[package]]
name = "telegram"
version = "0.1.0"
source = { virtual = "." }
dependencies = [
    { name = "httpx", extra = ["http2"] },
    { name = "python-telegram-bot" },
    { name = "telegramify-markdown" },
]

[package.metadata]
requires-dist = [
    { name = "httpx", extras = ["http2"], specifier = ">=0.28.1" },
    { name = "python-telegram-bot", specifier = ">=22.7" },
    { name = "telegramify-markdown", specifier = ">=1.1.2" },
]

[[package]]
name = "telegramify-markdown"
version = "1.1.2"
source = { registry = "https://pypi.org/simple" }
dependencies = [
    { name = "pyromark" },
]
sdist = { url = "https://files.pythonhosted.org/packages/f7/ac/7bd28e908c64695a6fd3412a35d8090ba9891389dc0437e06a5f6a1e1d81/telegramify_markdown-1.1.2.tar.gz", hash = "sha256:6d506b597d74d6113e9ec511dd6870a8f75b5653cfba697d942c1cbaca0aa415", size = 59634, upload-time = "2026-04-06T09:27:56.962Z" }
wheels = [
    { url = "https://files.pythonhosted.org/packages/2c/73/2793f1f2347e6e088232fc5f0a754d93202f220a14b710f2a468141c687e/telegramify_markdown-1.1.2-py3-none-any.whl", hash = "sha256:9383790067e99ae31a5fc595412030c5b8317e0e4933ae9db9c27c5de49c6337", size = 41796, upload-time = "2026-04-06T09:27:54.856Z" },
]

[[package]]
name = "typing-extensions"
version = "4.15.0"
source = { registry = "https://pypi.org/simple" }
sdist = { url = "https://files.pythonhosted.org/packages/72/94/1a15dd82efb362ac84269196e94cf00f187f7ed21c242792a923cdb1c61f/typing_extensions-4.15.0.tar.gz", hash = "sha256:0cea48d173cc12fa28ecabc3b837ea3cf6f38c6d1136f85cbaaf598984861466", size = 109391, upload-time = "2025-08-25T13:49:26.313Z" }
wheels = [
    { url = "https://files.pythonhosted.org/packages/18/67/36e9267722cc04a6b9f15c7f3441c2363321a3ea07da7ae0c0707beb2a9c/typing_extensions-4.15.0-py3-none-any.whl", hash = "sha256:f0fa19c6845758ab08074a0cfa8b7aecb71c999ca73d62883bc25cc018c4e548", size = 44614, upload-time = "2025-08-25T13:49:24.86Z" },
]
